
Microsoft Visual Studio Solution File, Format Version 12.00
# Visual Studio Version 17
VisualStudioVersion = 17.2.32526.322
MinimumVisualStudioVersion = 10.0.40219.1
Project("{FAE04EC0-301F-11D3-BF4B-00C04F79EFBC}") = "Marcaj.UWP", "Marcaj\Marcaj.UWP\Marcaj.UWP.csproj", "{278E5955-5507-4144-9B4B-ACBB5F7D8147}"
EndProject
Project("{FAE04EC0-301F-11D3-BF4B-00C04F79EFBC}") = "Marcaj.Android", "Marcaj\Marcaj.Android\Marcaj.Android.csproj", "{7CFA18D0-8E1B-408E-8E5B-2316619B0C47}"
EndProject
Project("{FAE04EC0-301F-11D3-BF4B-00C04F79EFBC}") = "Marcaj.iOS", "Marcaj\Marcaj.iOS\Marcaj.iOS.csproj", "{F862A08B-0E2C-4A86-9341-2D48B19C8A6A}"
EndProject
Project("{9A19103F-16F7-4668-BE54-9A1E7A4F7556}") = "Marcaj", "Marcaj\Marcaj\Marcaj.csproj", "{3CD215BD-4E1B-42DF-8BB0-C198370686DD}"
EndProject
Project("{FAE04EC0-301F-11D3-BF4B-00C04F79EFBC}") = "DataAccess", "..\MarcajAPI\DataAccess\DataAccess.csproj", "{CCFF5FE0-4FF4-4138-890C-C47160DA98D7}"
EndProject
Project("{FAE04EC0-301F-11D3-BF4B-00C04F79EFBC}") = "MarcajAPI", "..\MarcajAPI\MarcajAPI\MarcajAPI.csproj", "{021419B1-05CE-493A-BD12-9309220C7A6F}"
EndProject
Global
	GlobalSection(SolutionConfigurationPlatforms) = preSolution
		Debug|Any CPU = Debug|Any CPU
		Debug|ARM = Debug|ARM
		Debug|iPhone = Debug|iPhone
		Debug|iPhoneSimulator = Debug|iPhoneSimulator
		Debug|x64 = Debug|x64
		Debug|x86 = Debug|x86
		Release|Any CPU = Release|Any CPU
		Release|ARM = Release|ARM
		Release|iPhone = Release|iPhone
		Release|iPhoneSimulator = Release|iPhoneSimulator
		Release|x64 = Release|x64
		Release|x86 = Release|x86
	EndGlobalSection
	GlobalSection(ProjectConfigurationPlatforms) = postSolution
		{278E5955-5507-4144-9B4B-ACBB5F7D8147}.Debug|Any CPU.ActiveCfg = Debug|x64
		{278E5955-5507-4144-9B4B-ACBB5F7D8147}.Debug|Any CPU.Build.0 = Debug|x64
		{278E5955-5507-4144-9B4B-ACBB5F7D8147}.Debug|Any CPU.Deploy.0 = Debug|x64
		{278E5955-5507-4144-9B4B-ACBB5F7D8147}.Debug|ARM.ActiveCfg = Debug|ARM
		{278E5955-5507-4144-9B4B-ACBB5F7D8147}.Debug|ARM.Build.0 = Debug|ARM
		{278E5955-5507-4144-9B4B-ACBB5F7D8147}.Debug|ARM.Deploy.0 = Debug|ARM
		{278E5955-5507-4144-9B4B-ACBB5F7D8147}.Debug|iPhone.ActiveCfg = Debug|x64
		{278E5955-5507-4144-9B4B-ACBB5F7D8147}.Debug|iPhone.Build.0 = Debug|x64
		{278E5955-5507-4144-9B4B-ACBB5F7D8147}.Debug|iPhone.Deploy.0 = Debug|x64
		{278E5955-5507-4144-9B4B-ACBB5F7D8147}.Debug|iPhoneSimulator.ActiveCfg = Debug|x64
		{278E5955-5507-4144-9B4B-ACBB5F7D8147}.Debug|iPhoneSimulator.Build.0 = Debug|x64
		{278E5955-5507-4144-9B4B-ACBB5F7D8147}.Debug|iPhoneSimulator.Deploy.0 = Debug|x64
		{278E5955-5507-4144-9B4B-ACBB5F7D8147}.Debug|x64.ActiveCfg = Debug|x64
		{278E5955-5507-4144-9B4B-ACBB5F7D8147}.Debug|x64.Build.0 = Debug|x64
		{278E5955-5507-4144-9B4B-ACBB5F7D8147}.Debug|x64.Deploy.0 = Debug|x64
		{278E5955-5507-4144-9B4B-ACBB5F7D8147}.Debug|x86.ActiveCfg = Debug|x86
		{278E5955-5507-4144-9B4B-ACBB5F7D8147}.Debug|x86.Build.0 = Debug|x86
		{278E5955-5507-4144-9B4B-ACBB5F7D8147}.Debug|x86.Deploy.0 = Debug|x86
		{278E5955-5507-4144-9B4B-ACBB5F7D8147}.Release|Any CPU.ActiveCfg = Release|x64
		{278E5955-5507-4144-9B4B-ACBB5F7D8147}.Release|Any CPU.Build.0 = Release|x64
		{278E5955-5507-4144-9B4B-ACBB5F7D8147}.Release|Any CPU.Deploy.0 = Release|x64
		{278E5955-5507-4144-9B4B-ACBB5F7D8147}.Release|ARM.ActiveCfg = Release|ARM
		{278E5955-5507-4144-9B4B-ACBB5F7D8147}.Release|ARM.Build.0 = Release|ARM
		{278E5955-5507-4144-9B4B-ACBB5F7D8147}.Release|ARM.Deploy.0 = Release|ARM
		{278E5955-5507-4144-9B4B-ACBB5F7D8147}.Release|iPhone.ActiveCfg = Release|x64
		{278E5955-5507-4144-9B4B-ACBB5F7D8147}.Release|iPhone.Build.0 = Release|x64
		{278E5955-5507-4144-9B4B-ACBB5F7D8147}.Release|iPhone.Deploy.0 = Release|x64
		{278E5955-5507-4144-9B4B-ACBB5F7D8147}.Release|iPhoneSimulator.ActiveCfg = Release|x64
		{278E5955-5507-4144-9B4B-ACBB5F7D8147}.Release|iPhoneSimulator.Build.0 = Release|x64
		{278E5955-5507-4144-9B4B-ACBB5F7D8147}.Release|iPhoneSimulator.Deploy.0 = Release|x64
		{278E5955-5507-4144-9B4B-ACBB5F7D8147}.Release|x64.ActiveCfg = Release|x64
		{278E5955-5507-4144-9B4B-ACBB5F7D8147}.Release|x64.Build.0 = Release|x64
		{278E5955-5507-4144-9B4B-ACBB5F7D8147}.Release|x64.Deploy.0 = Release|x64
		{278E5955-5507-4144-9B4B-ACBB5F7D8147}.Release|x86.ActiveCfg = Release|x86
		{278E5955-5507-4144-9B4B-ACBB5F7D8147}.Release|x86.Build.0 = Release|x86
		{278E5955-5507-4144-9B4B-ACBB5F7D8147}.Release|x86.Deploy.0 = Release|x86
		{7CFA18D0-8E1B-408E-8E5B-2316619B0C47}.Debug|Any CPU.ActiveCfg = Debug|Any CPU
		{7CFA18D0-8E1B-408E-8E5B-2316619B0C47}.Debug|Any CPU.Build.0 = Debug|Any CPU
		{7CFA18D0-8E1B-408E-8E5B-2316619B0C47}.Debug|Any CPU.Deploy.0 = Debug|Any CPU
		{7CFA18D0-8E1B-408E-8E5B-2316619B0C47}.Debug|ARM.ActiveCfg = Debug|Any CPU
		{7CFA18D0-8E1B-408E-8E5B-2316619B0C47}.Debug|ARM.Build.0 = Debug|Any CPU
		{7CFA18D0-8E1B-408E-8E5B-2316619B0C47}.Debug|ARM.Deploy.0 = Debug|Any CPU
		{7CFA18D0-8E1B-408E-8E5B-2316619B0C47}.Debug|iPhone.ActiveCfg = Debug|Any CPU
		{7CFA18D0-8E1B-408E-8E5B-2316619B0C47}.Debug|iPhone.Build.0 = Debug|Any CPU
		{7CFA18D0-8E1B-408E-8E5B-2316619B0C47}.Debug|iPhone.Deploy.0 = Debug|Any CPU
		{7CFA18D0-8E1B-408E-8E5B-2316619B0C47}.Debug|iPhoneSimulator.ActiveCfg = Debug|Any CPU
		{7CFA18D0-8E1B-408E-8E5B-2316619B0C47}.Debug|iPhoneSimulator.Build.0 = Debug|Any CPU
		{7CFA18D0-8E1B-408E-8E5B-2316619B0C47}.Debug|iPhoneSimulator.Deploy.0 = Debug|Any CPU
		{7CFA18D0-8E1B-408E-8E5B-2316619B0C47}.Debug|x64.ActiveCfg = Debug|Any CPU
		{7CFA18D0-8E1B-408E-8E5B-2316619B0C47}.Debug|x64.Build.0 = Debug|Any CPU
		{7CFA18D0-8E1B-408E-8E5B-2316619B0C47}.Debug|x64.Deploy.0 = Debug|Any CPU
		{7CFA18D0-8E1B-408E-8E5B-2316619B0C47}.Debug|x86.ActiveCfg = Debug|Any CPU
		{7CFA18D0-8E1B-408E-8E5B-2316619B0C47}.Debug|x86.Build.0 = Debug|Any CPU
		{7CFA18D0-8E1B-408E-8E5B-2316619B0C47}.Debug|x86.Deploy.0 = Debug|Any CPU
		{7CFA18D0-8E1B-408E-8E5B-2316619B0C47}.Release|Any CPU.ActiveCfg = Release|Any CPU
		{7CFA18D0-8E1B-408E-8E5B-2316619B0C47}.Release|Any CPU.Build.0 = Release|Any CPU
		{7CFA18D0-8E1B-408E-8E5B-2316619B0C47}.Release|Any CPU.Deploy.0 = Release|Any CPU
		{7CFA18D0-8E1B-408E-8E5B-2316619B0C47}.Release|ARM.ActiveCfg = Release|Any CPU
		{7CFA18D0-8E1B-408E-8E5B-2316619B0C47}.Release|ARM.Build.0 = Release|Any CPU
		{7CFA18D0-8E1B-408E-8E5B-2316619B0C47}.Release|ARM.Deploy.0 = Release|Any CPU
		{7CFA18D0-8E1B-408E-8E5B-2316619B0C47}.Release|iPhone.ActiveCfg = Release|Any CPU
		{7CFA18D0-8E1B-408E-8E5B-2316619B0C47}.Release|iPhone.Build.0 = Release|Any CPU
		{7CFA18D0-8E1B-408E-8E5B-2316619B0C47}.Release|iPhone.Deploy.0 = Release|Any CPU
		{7CFA18D0-8E1B-408E-8E5B-2316619B0C47}.Release|iPhoneSimulator.ActiveCfg = Release|Any CPU
		{7CFA18D0-8E1B-408E-8E5B-2316619B0C47}.Release|iPhoneSimulator.Build.0 = Release|Any CPU
		{7CFA18D0-8E1B-408E-8E5B-2316619B0C47}.Release|iPhoneSimulator.Deploy.0 = Release|Any CPU
		{7CFA18D0-8E1B-408E-8E5B-2316619B0C47}.Release|x64.ActiveCfg = Release|Any CPU
		{7CFA18D0-8E1B-408E-8E5B-2316619B0C47}.Release|x64.Build.0 = Release|Any CPU
		{7CFA18D0-8E1B-408E-8E5B-2316619B0C47}.Release|x64.Deploy.0 = Release|Any CPU
		{7CFA18D0-8E1B-408E-8E5B-2316619B0C47}.Release|x86.ActiveCfg = Release|Any CPU
		{7CFA18D0-8E1B-408E-8E5B-2316619B0C47}.Release|x86.Build.0 = Release|Any CPU
		{7CFA18D0-8E1B-408E-8E5B-2316619B0C47}.Release|x86.Deploy.0 = Release|Any CPU
		{F862A08B-0E2C-4A86-9341-2D48B19C8A6A}.Debug|Any CPU.ActiveCfg = Debug|iPhoneSimulator
		{F862A08B-0E2C-4A86-9341-2D48B19C8A6A}.Debug|Any CPU.Build.0 = Debug|iPhoneSimulator
		{F862A08B-0E2C-4A86-9341-2D48B19C8A6A}.Debug|Any CPU.Deploy.0 = Debug|iPhoneSimulator
		{F862A08B-0E2C-4A86-9341-2D48B19C8A6A}.Debug|ARM.ActiveCfg = Debug|iPhoneSimulator
		{F862A08B-0E2C-4A86-9341-2D48B19C8A6A}.Debug|ARM.Build.0 = Debug|iPhoneSimulator
		{F862A08B-0E2C-4A86-9341-2D48B19C8A6A}.Debug|ARM.Deploy.0 = Debug|iPhoneSimulator
		{F862A08B-0E2C-4A86-9341-2D48B19C8A6A}.Debug|iPhone.ActiveCfg = Debug|iPhone
		{F862A08B-0E2C-4A86-9341-2D48B19C8A6A}.Debug|iPhone.Build.0 = Debug|iPhone
		{F862A08B-0E2C-4A86-9341-2D48B19C8A6A}.Debug|iPhone.Deploy.0 = Debug|iPhone
		{F862A08B-0E2C-4A86-9341-2D48B19C8A6A}.Debug|iPhoneSimulator.ActiveCfg = Debug|iPhoneSimulator
		{F862A08B-0E2C-4A86-9341-2D48B19C8A6A}.Debug|iPhoneSimulator.Build.0 = Debug|iPhoneSimulator
		{F862A08B-0E2C-4A86-9341-2D48B19C8A6A}.Debug|iPhoneSimulator.Deploy.0 = Debug|iPhoneSimulator
		{F862A08B-0E2C-4A86-9341-2D48B19C8A6A}.Debug|x64.ActiveCfg = Debug|iPhone
		{F862A08B-0E2C-4A86-9341-2D48B19C8A6A}.Debug|x64.Build.0 = Debug|iPhone
		{F862A08B-0E2C-4A86-9341-2D48B19C8A6A}.Debug|x64.Deploy.0 = Debug|iPhone
		{F862A08B-0E2C-4A86-9341-2D48B19C8A6A}.Debug|x86.ActiveCfg = Debug|iPhoneSimulator
		{F862A08B-0E2C-4A86-9341-2D48B19C8A6A}.Debug|x86.Build.0 = Debug|iPhoneSimulator
		{F862A08B-0E2C-4A86-9341-2D48B19C8A6A}.Debug|x86.Deploy.0 = Debug|iPhoneSimulator
		{F862A08B-0E2C-4A86-9341-2D48B19C8A6A}.Release|Any CPU.ActiveCfg = Release|iPhoneSimulator
		{F862A08B-0E2C-4A86-9341-2D48B19C8A6A}.Release|Any CPU.Build.0 = Release|iPhoneSimulator
		{F862A08B-0E2C-4A86-9341-2D48B19C8A6A}.Release|Any CPU.Deploy.0 = Release|iPhoneSimulator
		{F862A08B-0E2C-4A86-9341-2D48B19C8A6A}.Release|ARM.ActiveCfg = Release|iPhoneSimulator
		{F862A08B-0E2C-4A86-9341-2D48B19C8A6A}.Release|ARM.Build.0 = Release|iPhoneSimulator
		{F862A08B-0E2C-4A86-9341-2D48B19C8A6A}.Release|ARM.Deploy.0 = Release|iPhoneSimulator
		{F862A08B-0E2C-4A86-9341-2D48B19C8A6A}.Release|iPhone.ActiveCfg = Release|iPhone
		{F862A08B-0E2C-4A86-9341-2D48B19C8A6A}.Release|iPhone.Build.0 = Release|iPhone
		{F862A08B-0E2C-4A86-9341-2D48B19C8A6A}.Release|iPhone.Deploy.0 = Release|iPhone
		{F862A08B-0E2C-4A86-9341-2D48B19C8A6A}.Release|iPhoneSimulator.ActiveCfg = Release|iPhoneSimulator
		{F862A08B-0E2C-4A86-9341-2D48B19C8A6A}.Release|iPhoneSimulator.Build.0 = Release|iPhoneSimulator
		{F862A08B-0E2C-4A86-9341-2D48B19C8A6A}.Release|iPhoneSimulator.Deploy.0 = Release|iPhoneSimulator
		{F862A08B-0E2C-4A86-9341-2D48B19C8A6A}.Release|x64.ActiveCfg = Release|iPhoneSimulator
		{F862A08B-0E2C-4A86-9341-2D48B19C8A6A}.Release|x64.Build.0 = Release|iPhoneSimulator
		{F862A08B-0E2C-4A86-9341-2D48B19C8A6A}.Release|x64.Deploy.0 = Release|iPhoneSimulator
		{F862A08B-0E2C-4A86-9341-2D48B19C8A6A}.Release|x86.ActiveCfg = Release|iPhoneSimulator
		{F862A08B-0E2C-4A86-9341-2D48B19C8A6A}.Release|x86.Build.0 = Release|iPhoneSimulator
		{F862A08B-0E2C-4A86-9341-2D48B19C8A6A}.Release|x86.Deploy.0 = Release|iPhoneSimulator
		{3CD215BD-4E1B-42DF-8BB0-C198370686DD}.Debug|Any CPU.ActiveCfg = Debug|Any CPU
		{3CD215BD-4E1B-42DF-8BB0-C198370686DD}.Debug|Any CPU.Build.0 = Debug|Any CPU
		{3CD215BD-4E1B-42DF-8BB0-C198370686DD}.Debug|Any CPU.Deploy.0 = Debug|Any CPU
		{3CD215BD-4E1B-42DF-8BB0-C198370686DD}.Debug|ARM.ActiveCfg = Debug|Any CPU
		{3CD215BD-4E1B-42DF-8BB0-C198370686DD}.Debug|ARM.Build.0 = Debug|Any CPU
		{3CD215BD-4E1B-42DF-8BB0-C198370686DD}.Debug|ARM.Deploy.0 = Debug|Any CPU
		{3CD215BD-4E1B-42DF-8BB0-C198370686DD}.Debug|iPhone.ActiveCfg = Debug|Any CPU
		{3CD215BD-4E1B-42DF-8BB0-C198370686DD}.Debug|iPhone.Build.0 = Debug|Any CPU
		{3CD215BD-4E1B-42DF-8BB0-C198370686DD}.Debug|iPhone.Deploy.0 = Debug|Any CPU
		{3CD215BD-4E1B-42DF-8BB0-C198370686DD}.Debug|iPhoneSimulator.ActiveCfg = Debug|Any CPU
		{3CD215BD-4E1B-42DF-8BB0-C198370686DD}.Debug|iPhoneSimulator.Build.0 = Debug|Any CPU
		{3CD215BD-4E1B-42DF-8BB0-C198370686DD}.Debug|iPhoneSimulator.Deploy.0 = Debug|Any CPU
		{3CD215BD-4E1B-42DF-8BB0-C198370686DD}.Debug|x64.ActiveCfg = Debug|Any CPU
		{3CD215BD-4E1B-42DF-8BB0-C198370686DD}.Debug|x64.Build.0 = Debug|Any CPU
		{3CD215BD-4E1B-42DF-8BB0-C198370686DD}.Debug|x64.Deploy.0 = Debug|Any CPU
		{3CD215BD-4E1B-42DF-8BB0-C198370686DD}.Debug|x86.ActiveCfg = Debug|Any CPU
		{3CD215BD-4E1B-42DF-8BB0-C198370686DD}.Debug|x86.Build.0 = Debug|Any CPU
		{3CD215BD-4E1B-42DF-8BB0-C198370686DD}.Debug|x86.Deploy.0 = Debug|Any CPU
		{3CD215BD-4E1B-42DF-8BB0-C198370686DD}.Release|Any CPU.ActiveCfg = Release|Any CPU
		{3CD215BD-4E1B-42DF-8BB0-C198370686DD}.Release|Any CPU.Build.0 = Release|Any CPU
		{3CD215BD-4E1B-42DF-8BB0-C198370686DD}.Release|Any CPU.Deploy.0 = Release|Any CPU
		{3CD215BD-4E1B-42DF-8BB0-C198370686DD}.Release|ARM.ActiveCfg = Release|Any CPU
		{3CD215BD-4E1B-42DF-8BB0-C198370686DD}.Release|ARM.Build.0 = Release|Any CPU
		{3CD215BD-4E1B-42DF-8BB0-C198370686DD}.Release|ARM.Deploy.0 = Release|Any CPU
		{3CD215BD-4E1B-42DF-8BB0-C198370686DD}.Release|iPhone.ActiveCfg = Release|Any CPU
		{3CD215BD-4E1B-42DF-8BB0-C198370686DD}.Release|iPhone.Build.0 = Release|Any CPU
		{3CD215BD-4E1B-42DF-8BB0-C198370686DD}.Release|iPhone.Deploy.0 = Release|Any CPU
		{3CD215BD-4E1B-42DF-8BB0-C198370686DD}.Release|iPhoneSimulator.ActiveCfg = Release|Any CPU
		{3CD215BD-4E1B-42DF-8BB0-C198370686DD}.Release|iPhoneSimulator.Build.0 = Release|Any CPU
		{3CD215BD-4E1B-42DF-8BB0-C198370686DD}.Release|iPhoneSimulator.Deploy.0 = Release|Any CPU
		{3CD215BD-4E1B-42DF-8BB0-C198370686DD}.Release|x64.ActiveCfg = Release|Any CPU
		{3CD215BD-4E1B-42DF-8BB0-C198370686DD}.Release|x64.Build.0 = Release|Any CPU
		{3CD215BD-4E1B-42DF-8BB0-C198370686DD}.Release|x64.Deploy.0 = Release|Any CPU
		{3CD215BD-4E1B-42DF-8BB0-C198370686DD}.Release|x86.ActiveCfg = Release|Any CPU
		{3CD215BD-4E1B-42DF-8BB0-C198370686DD}.Release|x86.Build.0 = Release|Any CPU
		{3CD215BD-4E1B-42DF-8BB0-C198370686DD}.Release|x86.Deploy.0 = Release|Any CPU
		{CCFF5FE0-4FF4-4138-890C-C47160DA98D7}.Debug|Any CPU.ActiveCfg = Debug|Any CPU
		{CCFF5FE0-4FF4-4138-890C-C47160DA98D7}.Debug|Any CPU.Build.0 = Debug|Any CPU
		{CCFF5FE0-4FF4-4138-890C-C47160DA98D7}.Debug|ARM.ActiveCfg = Debug|Any CPU
		{CCFF5FE0-4FF4-4138-890C-C47160DA98D7}.Debug|ARM.Build.0 = Debug|Any CPU
		{CCFF5FE0-4FF4-4138-890C-C47160DA98D7}.Debug|iPhone.ActiveCfg = Debug|Any CPU
		{CCFF5FE0-4FF4-4138-890C-C47160DA98D7}.Debug|iPhone.Build.0 = Debug|Any CPU
		{CCFF5FE0-4FF4-4138-890C-C47160DA98D7}.Debug|iPhoneSimulator.ActiveCfg = Debug|Any CPU
		{CCFF5FE0-4FF4-4138-890C-C47160DA98D7}.Debug|iPhoneSimulator.Build.0 = Debug|Any CPU
		{CCFF5FE0-4FF4-4138-890C-C47160DA98D7}.Debug|x64.ActiveCfg = Debug|Any CPU
		{CCFF5FE0-4FF4-4138-890C-C47160DA98D7}.Debug|x64.Build.0 = Debug|Any CPU
		{CCFF5FE0-4FF4-4138-890C-C47160DA98D7}.Debug|x86.ActiveCfg = Debug|Any CPU
		{CCFF5FE0-4FF4-4138-890C-C47160DA98D7}.Debug|x86.Build.0 = Debug|Any CPU
		{CCFF5FE0-4FF4-4138-890C-C47160DA98D7}.Release|Any CPU.ActiveCfg = Release|Any CPU
		{CCFF5FE0-4FF4-4138-890C-C47160DA98D7}.Release|Any CPU.Build.0 = Release|Any CPU
		{CCFF5FE0-4FF4-4138-890C-C47160DA98D7}.Release|ARM.ActiveCfg = Release|Any CPU
		{CCFF5FE0-4FF4-4138-890C-C47160DA98D7}.Release|ARM.Build.0 = Release|Any CPU
		{CCFF5FE0-4FF4-4138-890C-C47160DA98D7}.Release|iPhone.ActiveCfg = Release|Any CPU
		{CCFF5FE0-4FF4-4138-890C-C47160DA98D7}.Release|iPhone.Build.0 = Release|Any CPU
		{CCFF5FE0-4FF4-4138-890C-C47160DA98D7}.Release|iPhoneSimulator.ActiveCfg = Release|Any CPU
		{CCFF5FE0-4FF4-4138-890C-C47160DA98D7}.Release|iPhoneSimulator.Build.0 = Release|Any CPU
		{CCFF5FE0-4FF4-4138-890C-C47160DA98D7}.Release|x64.ActiveCfg = Release|Any CPU
		{CCFF5FE0-4FF4-4138-890C-C47160DA98D7}.Release|x64.Build.0 = Release|Any CPU
		{CCFF5FE0-4FF4-4138-890C-C47160DA98D7}.Release|x86.ActiveCfg = Release|Any CPU
		{CCFF5FE0-4FF4-4138-890C-C47160DA98D7}.Release|x86.Build.0 = Release|Any CPU
		{021419B1-05CE-493A-BD12-9309220C7A6F}.Debug|Any CPU.ActiveCfg = Debug|Any CPU
		{021419B1-05CE-493A-BD12-9309220C7A6F}.Debug|Any CPU.Build.0 = Debug|Any CPU
		{021419B1-05CE-493A-BD12-9309220C7A6F}.Debug|ARM.ActiveCfg = Debug|Any CPU
		{021419B1-05CE-493A-BD12-9309220C7A6F}.Debug|ARM.Build.0 = Debug|Any CPU
		{021419B1-05CE-493A-BD12-9309220C7A6F}.Debug|iPhone.ActiveCfg = Debug|Any CPU
		{021419B1-05CE-493A-BD12-9309220C7A6F}.Debug|iPhone.Build.0 = Debug|Any CPU
		{021419B1-05CE-493A-BD12-9309220C7A6F}.Debug|iPhoneSimulator.ActiveCfg = Debug|Any CPU
		{021419B1-05CE-493A-BD12-9309220C7A6F}.Debug|iPhoneSimulator.Build.0 = Debug|Any CPU
		{021419B1-05CE-493A-BD12-9309220C7A6F}.Debug|x64.ActiveCfg = Debug|Any CPU
		{021419B1-05CE-493A-BD12-9309220C7A6F}.Debug|x64.Build.0 = Debug|Any CPU
		{021419B1-05CE-493A-BD12-9309220C7A6F}.Debug|x86.ActiveCfg = Debug|Any CPU
		{021419B1-05CE-493A-BD12-9309220C7A6F}.Debug|x86.Build.0 = Debug|Any CPU
		{021419B1-05CE-493A-BD12-9309220C7A6F}.Release|Any CPU.ActiveCfg = Release|Any CPU
		{021419B1-05CE-493A-BD12-9309220C7A6F}.Release|Any CPU.Build.0 = Release|Any CPU
		{021419B1-05CE-493A-BD12-9309220C7A6F}.Release|ARM.ActiveCfg = Release|Any CPU
		{021419B1-05CE-493A-BD12-9309220C7A6F}.Release|ARM.Build.0 = Release|Any CPU
		{021419B1-05CE-493A-BD12-9309220C7A6F}.Release|iPhone.ActiveCfg = Release|Any CPU
		{021419B1-05CE-493A-BD12-9309220C7A6F}.Release|iPhone.Build.0 = Release|Any CPU
		{021419B1-05CE-493A-BD12-9309220C7A6F}.Release|iPhoneSimulator.ActiveCfg = Release|Any CPU
		{021419B1-05CE-493A-BD12-9309220C7A6F}.Release|iPhoneSimulator.Build.0 = Release|Any CPU
		{021419B1-05CE-493A-BD12-9309220C7A6F}.Release|x64.ActiveCfg = Release|Any CPU
		{021419B1-05CE-493A-BD12-9309220C7A6F}.Release|x64.Build.0 = Release|Any CPU
		{021419B1-05CE-493A-BD12-9309220C7A6F}.Release|x86.ActiveCfg = Release|Any CPU
		{021419B1-05CE-493A-BD12-9309220C7A6F}.Release|x86.Build.0 = Release|Any CPU
	EndGlobalSection
	GlobalSection(SolutionProperties) = preSolution
		HideSolutionNode = FALSE
	EndGlobalSection
	GlobalSection(ExtensibilityGlobals) = postSolution
		SolutionGuid = {9A5DD7F4-1905-4ECF-9C66-EDAECD495987}
	EndGlobalSection
EndGlobal
